// !$*UTF8*$!
{
	archiveVersion = 1;
	classes = {
	};
	objectVersion = 46;
	objects = {

/* Begin PBXBuildFile section */
		03BECB113A6C4BC8CBB2BFC3 /* Pods_SwiftSampleUITests.framework in Frameworks */ = {isa = PBXBuildFile; fileRef = 2E43C9126B01D47C11E9E005 /* Pods_SwiftSampleUITests.framework */; };
		0BFBEEBD1E5477D700804C20 /* AppDelegate.swift in Sources */ = {isa = PBXBuildFile; fileRef = 0BFBEEBC1E5477D700804C20 /* AppDelegate.swift */; };
		0BFBEEBF1E5477D700804C20 /* SignUpVC.swift in Sources */ = {isa = PBXBuildFile; fileRef = 0BFBEEBE1E5477D700804C20 /* SignUpVC.swift */; };
		0BFBEEC21E5477D700804C20 /* Main.storyboard in Resources */ = {isa = PBXBuildFile; fileRef = 0BFBEEC01E5477D700804C20 /* Main.storyboard */; };
		0BFBEEC41E5477D700804C20 /* Assets.xcassets in Resources */ = {isa = PBXBuildFile; fileRef = 0BFBEEC31E5477D700804C20 /* Assets.xcassets */; };
		0BFBEEC71E5477D700804C20 /* LaunchScreen.storyboard in Resources */ = {isa = PBXBuildFile; fileRef = 0BFBEEC51E5477D700804C20 /* LaunchScreen.storyboard */; };
		0BFBEED21E5477D700804C20 /* SwiftSampleTests.swift in Sources */ = {isa = PBXBuildFile; fileRef = 0BFBEED11E5477D700804C20 /* SwiftSampleTests.swift */; };
		0BFBEEDD1E5477D700804C20 /* SwiftSampleUITests.swift in Sources */ = {isa = PBXBuildFile; fileRef = 0BFBEEDC1E5477D700804C20 /* SwiftSampleUITests.swift */; };
		0BFBEEEC1E54812700804C20 /* BaseService.swift in Sources */ = {isa = PBXBuildFile; fileRef = 0BFBEEEB1E54812700804C20 /* BaseService.swift */; };
		0BFBEEEE1E54886D00804C20 /* WeberviceCostants.swift in Sources */ = {isa = PBXBuildFile; fileRef = 0BFBEEED1E54886D00804C20 /* WeberviceCostants.swift */; };
		0BFBEEF41E54926800804C20 /* Constants.swift in Sources */ = {isa = PBXBuildFile; fileRef = 0BFBEEF31E54926800804C20 /* Constants.swift */; };
		0BFBEEF61E54968D00804C20 /* HomeViewController.swift in Sources */ = {isa = PBXBuildFile; fileRef = 0BFBEEF51E54968D00804C20 /* HomeViewController.swift */; };
		0BFBEEF81E54986200804C20 /* AddCarCell.swift in Sources */ = {isa = PBXBuildFile; fileRef = 0BFBEEF71E54986200804C20 /* AddCarCell.swift */; };
		0BFBEEFC1E559F3E00804C20 /* Car.swift in Sources */ = {isa = PBXBuildFile; fileRef = 0BFBEEFB1E559F3E00804C20 /* Car.swift */; };
		0BFBEF011E55C99100804C20 /* CarTableViewCell.swift in Sources */ = {isa = PBXBuildFile; fileRef = 0BFBEF001E55C99100804C20 /* CarTableViewCell.swift */; };
		0BFBEF031E55E76300804C20 /* LoginViewController.swift in Sources */ = {isa = PBXBuildFile; fileRef = 0BFBEF021E55E76300804C20 /* LoginViewController.swift */; };
		48F51CDFC4C0641C4002A97F /* Pods_SwiftSample.framework in Frameworks */ = {isa = PBXBuildFile; fileRef = E030AAA2E0F4DB590BB766BD /* Pods_SwiftSample.framework */; };
		F45C64C0DFF123AC399F9117 /* Pods_SwiftSampleTests.framework in Frameworks */ = {isa = PBXBuildFile; fileRef = 8430B86665DD1776215D3C46 /* Pods_SwiftSampleTests.framework */; };
/* End PBXBuildFile section */

/* Begin PBXContainerItemProxy section */
		0BFBEECE1E5477D700804C20 /* PBXContainerItemProxy */ = {
			isa = PBXContainerItemProxy;
			containerPortal = 0BFBEEB11E5477D700804C20 /* Project object */;
			proxyType = 1;
			remoteGlobalIDString = 0BFBEEB81E5477D700804C20;
			remoteInfo = SwiftSample;
		};
		0BFBEED91E5477D700804C20 /* PBXContainerItemProxy */ = {
			isa = PBXContainerItemProxy;
			containerPortal = 0BFBEEB11E5477D700804C20 /* Project object */;
			proxyType = 1;
			remoteGlobalIDString = 0BFBEEB81E5477D700804C20;
			remoteInfo = SwiftSample;
		};
/* End PBXContainerItemProxy section */

/* Begin PBXFileReference section */
		0BFBEEB91E5477D700804C20 /* SwiftSample.app */ = {isa = PBXFileReference; explicitFileType = wrapper.application; includeInIndex = 0; path = SwiftSample.app; sourceTree = BUILT_PRODUCTS_DIR; };
		0BFBEEBC1E5477D700804C20 /* AppDelegate.swift */ = {isa = PBXFileReference; lastKnownFileType = sourcecode.swift; path = AppDelegate.swift; sourceTree = "<group>"; };
		0BFBEEBE1E5477D700804C20 /* SignUpVC.swift */ = {isa = PBXFileReference; lastKnownFileType = sourcecode.swift; path = SignUpVC.swift; sourceTree = "<group>"; };
		0BFBEEC11E5477D700804C20 /* Base */ = {isa = PBXFileReference; lastKnownFileType = file.storyboard; name = Base; path = Base.lproj/Main.storyboard; sourceTree = "<group>"; };
		0BFBEEC31E5477D700804C20 /* Assets.xcassets */ = {isa = PBXFileReference; lastKnownFileType = folder.assetcatalog; path = Assets.xcassets; sourceTree = "<group>"; };
		0BFBEEC61E5477D700804C20 /* Base */ = {isa = PBXFileReference; lastKnownFileType = file.storyboard; name = Base; path = Base.lproj/LaunchScreen.storyboard; sourceTree = "<group>"; };
		0BFBEEC81E5477D700804C20 /* Info.plist */ = {isa = PBXFileReference; lastKnownFileType = text.plist.xml; path = Info.plist; sourceTree = "<group>"; };
		0BFBEECD1E5477D700804C20 /* SwiftSampleTests.xctest */ = {isa = PBXFileReference; explicitFileType = wrapper.cfbundle; includeInIndex = 0; path = SwiftSampleTests.xctest; sourceTree = BUILT_PRODUCTS_DIR; };
		0BFBEED11E5477D700804C20 /* SwiftSampleTests.swift */ = {isa = PBXFileReference; lastKnownFileType = sourcecode.swift; path = SwiftSampleTests.swift; sourceTree = "<group>"; };
		0BFBEED31E5477D700804C20 /* Info.plist */ = {isa = PBXFileReference; lastKnownFileType = text.plist.xml; path = Info.plist; sourceTree = "<group>"; };
		0BFBEED81E5477D700804C20 /* SwiftSampleUITests.xctest */ = {isa = PBXFileReference; explicitFileType = wrapper.cfbundle; includeInIndex = 0; path = SwiftSampleUITests.xctest; sourceTree = BUILT_PRODUCTS_DIR; };
		0BFBEEDC1E5477D700804C20 /* SwiftSampleUITests.swift */ = {isa = PBXFileReference; lastKnownFileType = sourcecode.swift; path = SwiftSampleUITests.swift; sourceTree = "<group>"; };
		0BFBEEDE1E5477D700804C20 /* Info.plist */ = {isa = PBXFileReference; lastKnownFileType = text.plist.xml; path = Info.plist; sourceTree = "<group>"; };
		0BFBEEEB1E54812700804C20 /* BaseService.swift */ = {isa = PBXFileReference; fileEncoding = 4; lastKnownFileType = sourcecode.swift; path = BaseService.swift; sourceTree = "<group>"; };
		0BFBEEED1E54886D00804C20 /* WeberviceCostants.swift */ = {isa = PBXFileReference; fileEncoding = 4; lastKnownFileType = sourcecode.swift; path = WeberviceCostants.swift; sourceTree = "<group>"; };
		0BFBEEF31E54926800804C20 /* Constants.swift */ = {isa = PBXFileReference; fileEncoding = 4; lastKnownFileType = sourcecode.swift; path = Constants.swift; sourceTree = "<group>"; };
		0BFBEEF51E54968D00804C20 /* HomeViewController.swift */ = {isa = PBXFileReference; fileEncoding = 4; lastKnownFileType = sourcecode.swift; path = HomeViewController.swift; sourceTree = "<group>"; };
		0BFBEEF71E54986200804C20 /* AddCarCell.swift */ = {isa = PBXFileReference; fileEncoding = 4; lastKnownFileType = sourcecode.swift; path = AddCarCell.swift; sourceTree = "<group>"; };
		0BFBEEFB1E559F3E00804C20 /* Car.swift */ = {isa = PBXFileReference; fileEncoding = 4; lastKnownFileType = sourcecode.swift; path = Car.swift; sourceTree = "<group>"; };
		0BFBEF001E55C99100804C20 /* CarTableViewCell.swift */ = {isa = PBXFileReference; fileEncoding = 4; lastKnownFileType = sourcecode.swift; path = CarTableViewCell.swift; sourceTree = "<group>"; };
		0BFBEF021E55E76300804C20 /* LoginViewController.swift */ = {isa = PBXFileReference; fileEncoding = 4; lastKnownFileType = sourcecode.swift; path = LoginViewController.swift; sourceTree = "<group>"; };
		1C0155E8BDD41A146708A355 /* Pods-SwiftSampleTests.release.xcconfig */ = {isa = PBXFileReference; includeInIndex = 1; lastKnownFileType = text.xcconfig; name = "Pods-SwiftSampleTests.release.xcconfig"; path = "Pods/Target Support Files/Pods-SwiftSampleTests/Pods-SwiftSampleTests.release.xcconfig"; sourceTree = "<group>"; };
		2E43C9126B01D47C11E9E005 /* Pods_SwiftSampleUITests.framework */ = {isa = PBXFileReference; explicitFileType = wrapper.framework; includeInIndex = 0; path = Pods_SwiftSampleUITests.framework; sourceTree = BUILT_PRODUCTS_DIR; };
		8430B86665DD1776215D3C46 /* Pods_SwiftSampleTests.framework */ = {isa = PBXFileReference; explicitFileType = wrapper.framework; includeInIndex = 0; path = Pods_SwiftSampleTests.framework; sourceTree = BUILT_PRODUCTS_DIR; };
		86B90ABABD0A38044AFA784D /* Pods-SwiftSampleTests.debug.xcconfig */ = {isa = PBXFileReference; includeInIndex = 1; lastKnownFileType = text.xcconfig; name = "Pods-SwiftSampleTests.debug.xcconfig"; path = "Pods/Target Support Files/Pods-SwiftSampleTests/Pods-SwiftSampleTests.debug.xcconfig"; sourceTree = "<group>"; };
		99F09B9B91ADD393894942CC /* Pods-SwiftSample.debug.xcconfig */ = {isa = PBXFileReference; includeInIndex = 1; lastKnownFileType = text.xcconfig; name = "Pods-SwiftSample.debug.xcconfig"; path = "Pods/Target Support Files/Pods-SwiftSample/Pods-SwiftSample.debug.xcconfig"; sourceTree = "<group>"; };
		9EC4548A6309C1515551FE76 /* Pods-SwiftSample.release.xcconfig */ = {isa = PBXFileReference; includeInIndex = 1; lastKnownFileType = text.xcconfig; name = "Pods-SwiftSample.release.xcconfig"; path = "Pods/Target Support Files/Pods-SwiftSample/Pods-SwiftSample.release.xcconfig"; sourceTree = "<group>"; };
		AD2BD272DB8F130DB746279F /* Pods-SwiftSampleUITests.debug.xcconfig */ = {isa = PBXFileReference; includeInIndex = 1; lastKnownFileType = text.xcconfig; name = "Pods-SwiftSampleUITests.debug.xcconfig"; path = "Pods/Target Support Files/Pods-SwiftSampleUITests/Pods-SwiftSampleUITests.debug.xcconfig"; sourceTree = "<group>"; };
		B49FCA4FB180DF4321070804 /* Pods-SwiftSampleUITests.release.xcconfig */ = {isa = PBXFileReference; includeInIndex = 1; lastKnownFileType = text.xcconfig; name = "Pods-SwiftSampleUITests.release.xcconfig"; path = "Pods/Target Support Files/Pods-SwiftSampleUITests/Pods-SwiftSampleUITests.release.xcconfig"; sourceTree = "<group>"; };
		E030AAA2E0F4DB590BB766BD /* Pods_SwiftSample.framework */ = {isa = PBXFileReference; explicitFileType = wrapper.framework; includeInIndex = 0; path = Pods_SwiftSample.framework; sourceTree = BUILT_PRODUCTS_DIR; };
/* End PBXFileReference section */

/* Begin PBXFrameworksBuildPhase section */
		0BFBEEB61E5477D700804C20 /* Frameworks */ = {
			isa = PBXFrameworksBuildPhase;
			buildActionMask = 2147483647;
			files = (
				48F51CDFC4C0641C4002A97F /* Pods_SwiftSample.framework in Frameworks */,
			);
			runOnlyForDeploymentPostprocessing = 0;
		};
		0BFBEECA1E5477D700804C20 /* Frameworks */ = {
			isa = PBXFrameworksBuildPhase;
			buildActionMask = 2147483647;
			files = (
				F45C64C0DFF123AC399F9117 /* Pods_SwiftSampleTests.framework in Frameworks */,
			);
			runOnlyForDeploymentPostprocessing = 0;
		};
		0BFBEED51E5477D700804C20 /* Frameworks */ = {
			isa = PBXFrameworksBuildPhase;
			buildActionMask = 2147483647;
			files = (
				03BECB113A6C4BC8CBB2BFC3 /* Pods_SwiftSampleUITests.framework in Frameworks */,
			);
			runOnlyForDeploymentPostprocessing = 0;
		};
/* End PBXFrameworksBuildPhase section */

/* Begin PBXGroup section */
		0BFBEEB01E5477D700804C20 = {
			isa = PBXGroup;
			children = (
				0BFBEEBB1E5477D700804C20 /* SwiftSample */,
				0BFBEED01E5477D700804C20 /* SwiftSampleTests */,
				0BFBEEDB1E5477D700804C20 /* SwiftSampleUITests */,
				0BFBEEBA1E5477D700804C20 /* Products */,
				D24F3DCE7105474CCF76615B /* Pods */,
				5262EA8BAEFBF2C42BD23A73 /* Frameworks */,
			);
			sourceTree = "<group>";
		};
		0BFBEEBA1E5477D700804C20 /* Products */ = {
			isa = PBXGroup;
			children = (
				0BFBEEB91E5477D700804C20 /* SwiftSample.app */,
				0BFBEECD1E5477D700804C20 /* SwiftSampleTests.xctest */,
				0BFBEED81E5477D700804C20 /* SwiftSampleUITests.xctest */,
			);
			name = Products;
			sourceTree = "<group>";
		};
		0BFBEEBB1E5477D700804C20 /* SwiftSample */ = {
			isa = PBXGroup;
			children = (
				0BFBEEFA1E559F2400804C20 /* Models */,
				0BFBEEF91E5557E600804C20 /* Cells */,
				0BFBEEF21E54925300804C20 /* Util */,
				0BFBEEEF1E54895100804C20 /* ViewControllers */,
				0BFBEEEA1E5480F100804C20 /* Webservices */,
				0BFBEEBC1E5477D700804C20 /* AppDelegate.swift */,
				0BFBEEC01E5477D700804C20 /* Main.storyboard */,
				0BFBEEC31E5477D700804C20 /* Assets.xcassets */,
				0BFBEEC51E5477D700804C20 /* LaunchScreen.storyboard */,
				0BFBEEC81E5477D700804C20 /* Info.plist */,
			);
			path = SwiftSample;
			sourceTree = "<group>";
		};
		0BFBEED01E5477D700804C20 /* SwiftSampleTests */ = {
			isa = PBXGroup;
			children = (
				0BFBEED11E5477D700804C20 /* SwiftSampleTests.swift */,
				0BFBEED31E5477D700804C20 /* Info.plist */,
			);
			path = SwiftSampleTests;
			sourceTree = "<group>";
		};
		0BFBEEDB1E5477D700804C20 /* SwiftSampleUITests */ = {
			isa = PBXGroup;
			children = (
				0BFBEEDC1E5477D700804C20 /* SwiftSampleUITests.swift */,
				0BFBEEDE1E5477D700804C20 /* Info.plist */,
			);
			path = SwiftSampleUITests;
			sourceTree = "<group>";
		};
		0BFBEEEA1E5480F100804C20 /* Webservices */ = {
			isa = PBXGroup;
			children = (
				0BFBEEEB1E54812700804C20 /* BaseService.swift */,
				0BFBEEED1E54886D00804C20 /* WeberviceCostants.swift */,
			);
			name = Webservices;
			sourceTree = "<group>";
		};
		0BFBEEEF1E54895100804C20 /* ViewControllers */ = {
			isa = PBXGroup;
			children = (
				0BFBEEBE1E5477D700804C20 /* SignUpVC.swift */,
				0BFBEEF51E54968D00804C20 /* HomeViewController.swift */,
				0BFBEF021E55E76300804C20 /* LoginViewController.swift */,
			);
			name = ViewControllers;
			sourceTree = "<group>";
		};
		0BFBEEF21E54925300804C20 /* Util */ = {
			isa = PBXGroup;
			children = (
				0BFBEEF31E54926800804C20 /* Constants.swift */,
			);
			name = Util;
			sourceTree = "<group>";
		};
		0BFBEEF91E5557E600804C20 /* Cells */ = {
			isa = PBXGroup;
			children = (
				0BFBEEF71E54986200804C20 /* AddCarCell.swift */,
				0BFBEF001E55C99100804C20 /* CarTableViewCell.swift */,
			);
			name = Cells;
			sourceTree = "<group>";
		};
		0BFBEEFA1E559F2400804C20 /* Models */ = {
			isa = PBXGroup;
			children = (
				0BFBEEFB1E559F3E00804C20 /* Car.swift */,
			);
			name = Models;
			sourceTree = "<group>";
		};
		5262EA8BAEFBF2C42BD23A73 /* Frameworks */ = {
			isa = PBXGroup;
			children = (
				E030AAA2E0F4DB590BB766BD /* Pods_SwiftSample.framework */,
				8430B86665DD1776215D3C46 /* Pods_SwiftSampleTests.framework */,
				2E43C9126B01D47C11E9E005 /* Pods_SwiftSampleUITests.framework */,
			);
			name = Frameworks;
			sourceTree = "<group>";
		};
		D24F3DCE7105474CCF76615B /* Pods */ = {
			isa = PBXGroup;
			children = (
				99F09B9B91ADD393894942CC /* Pods-SwiftSample.debug.xcconfig */,
				9EC4548A6309C1515551FE76 /* Pods-SwiftSample.release.xcconfig */,
				86B90ABABD0A38044AFA784D /* Pods-SwiftSampleTests.debug.xcconfig */,
				1C0155E8BDD41A146708A355 /* Pods-SwiftSampleTests.release.xcconfig */,
				AD2BD272DB8F130DB746279F /* Pods-SwiftSampleUITests.debug.xcconfig */,
				B49FCA4FB180DF4321070804 /* Pods-SwiftSampleUITests.release.xcconfig */,
			);
			name = Pods;
			sourceTree = "<group>";
		};
/* End PBXGroup section */

/* Begin PBXNativeTarget section */
		0BFBEEB81E5477D700804C20 /* SwiftSample */ = {
			isa = PBXNativeTarget;
			buildConfigurationList = 0BFBEEE11E5477D700804C20 /* Build configuration list for PBXNativeTarget "SwiftSample" */;
			buildPhases = (
				F0B695F6B64EA012FF2187F7 /* [CP] Check Pods Manifest.lock */,
				0BFBEEB51E5477D700804C20 /* Sources */,
				0BFBEEB61E5477D700804C20 /* Frameworks */,
				0BFBEEB71E5477D700804C20 /* Resources */,
				741D676D77C27339F2015531 /* [CP] Embed Pods Frameworks */,
				7A19566A5780F63C1E714366 /* [CP] Copy Pods Resources */,
			);
			buildRules = (
			);
			dependencies = (
			);
			name = SwiftSample;
			productName = SwiftSample;
			productReference = 0BFBEEB91E5477D700804C20 /* SwiftSample.app */;
			productType = "com.apple.product-type.application";
		};
		0BFBEECC1E5477D700804C20 /* SwiftSampleTests */ = {
			isa = PBXNativeTarget;
			buildConfigurationList = 0BFBEEE41E5477D700804C20 /* Build configuration list for PBXNativeTarget "SwiftSampleTests" */;
			buildPhases = (
				4C1F02739D4B0F749240C9B9 /* [CP] Check Pods Manifest.lock */,
				0BFBEEC91E5477D700804C20 /* Sources */,
				0BFBEECA1E5477D700804C20 /* Frameworks */,
				0BFBEECB1E5477D700804C20 /* Resources */,
				B6CA8BA525112496F7B2B97C /* [CP] Embed Pods Frameworks */,
				DD2BE170853E0EF3256BA432 /* [CP] Copy Pods Resources */,
			);
			buildRules = (
			);
			dependencies = (
				0BFBEECF1E5477D700804C20 /* PBXTargetDependency */,
			);
			name = SwiftSampleTests;
			productName = SwiftSampleTests;
			productReference = 0BFBEECD1E5477D700804C20 /* SwiftSampleTests.xctest */;
			productType = "com.apple.product-type.bundle.unit-test";
		};
		0BFBEED71E5477D700804C20 /* SwiftSampleUITests */ = {
			isa = PBXNativeTarget;
			buildConfigurationList = 0BFBEEE71E5477D700804C20 /* Build configuration list for PBXNativeTarget "SwiftSampleUITests" */;
			buildPhases = (
				1E1489B14603640D932A251E /* [CP] Check Pods Manifest.lock */,
				0BFBEED41E5477D700804C20 /* Sources */,
				0BFBEED51E5477D700804C20 /* Frameworks */,
				0BFBEED61E5477D700804C20 /* Resources */,
				D670583EC46CC4F962C0AEC3 /* [CP] Embed Pods Frameworks */,
				16DC926C4899E42E3C0A69D2 /* [CP] Copy Pods Resources */,
			);
			buildRules = (
			);
			dependencies = (
				0BFBEEDA1E5477D700804C20 /* PBXTargetDependency */,
			);
			name = SwiftSampleUITests;
			productName = SwiftSampleUITests;
			productReference = 0BFBEED81E5477D700804C20 /* SwiftSampleUITests.xctest */;
			productType = "com.apple.product-type.bundle.ui-testing";
		};
/* End PBXNativeTarget section */

/* Begin PBXProject section */
		0BFBEEB11E5477D700804C20 /* Project object */ = {
			isa = PBXProject;
			attributes = {
				LastSwiftUpdateCheck = 0820;
				LastUpgradeCheck = 0820;
				ORGANIZATIONNAME = qbuser;
				TargetAttributes = {
					0BFBEEB81E5477D700804C20 = {
						CreatedOnToolsVersion = 8.2.1;
						ProvisioningStyle = Automatic;
					};
					0BFBEECC1E5477D700804C20 = {
						CreatedOnToolsVersion = 8.2.1;
						ProvisioningStyle = Automatic;
						TestTargetID = 0BFBEEB81E5477D700804C20;
					};
					0BFBEED71E5477D700804C20 = {
						CreatedOnToolsVersion = 8.2.1;
						ProvisioningStyle = Automatic;
						TestTargetID = 0BFBEEB81E5477D700804C20;
					};
				};
			};
			buildConfigurationList = 0BFBEEB41E5477D700804C20 /* Build configuration list for PBXProject "SwiftSample" */;
			compatibilityVersion = "Xcode 3.2";
			developmentRegion = English;
			hasScannedForEncodings = 0;
			knownRegions = (
				en,
				Base,
			);
			mainGroup = 0BFBEEB01E5477D700804C20;
			productRefGroup = 0BFBEEBA1E5477D700804C20 /* Products */;
			projectDirPath = "";
			projectRoot = "";
			targets = (
				0BFBEEB81E5477D700804C20 /* SwiftSample */,
				0BFBEECC1E5477D700804C20 /* SwiftSampleTests */,
				0BFBEED71E5477D700804C20 /* SwiftSampleUITests */,
			);
		};
/* End PBXProject section */

/* Begin PBXResourcesBuildPhase section */
		0BFBEEB71E5477D700804C20 /* Resources */ = {
			isa = PBXResourcesBuildPhase;
			buildActionMask = 2147483647;
			files = (
				0BFBEEC71E5477D700804C20 /* LaunchScreen.storyboard in Resources */,
				0BFBEEC41E5477D700804C20 /* Assets.xcassets in Resources */,
				0BFBEEC21E5477D700804C20 /* Main.storyboard in Resources */,
			);
			runOnlyForDeploymentPostprocessing = 0;
		};
		0BFBEECB1E5477D700804C20 /* Resources */ = {
			isa = PBXResourcesBuildPhase;
			buildActionMask = 2147483647;
			files = (
			);
			runOnlyForDeploymentPostprocessing = 0;
		};
		0BFBEED61E5477D700804C20 /* Resources */ = {
			isa = PBXResourcesBuildPhase;
			buildActionMask = 2147483647;
			files = (
			);
			runOnlyForDeploymentPostprocessing = 0;
		};
/* End PBXResourcesBuildPhase section */

/* Begin PBXShellScriptBuildPhase section */
		16DC926C4899E42E3C0A69D2 /* [CP] Copy Pods Resources */ = {
			isa = PBXShellScriptBuildPhase;
			buildActionMask = 2147483647;
			files = (
			);
			inputPaths = (
			);
			name = "[CP] Copy Pods Resources";
			outputPaths = (
			);
			runOnlyForDeploymentPostprocessing = 0;
			shellPath = /bin/sh;
			shellScript = "\"${SRCROOT}/Pods/Target Support Files/Pods-SwiftSampleUITests/Pods-SwiftSampleUITests-resources.sh\"\n";
			showEnvVarsInLog = 0;
		};
		1E1489B14603640D932A251E /* [CP] Check Pods Manifest.lock */ = {
			isa = PBXShellScriptBuildPhase;
			buildActionMask = 2147483647;
			files = (
			);
			inputPaths = (
			);
			name = "[CP] Check Pods Manifest.lock";
			outputPaths = (
			);
			runOnlyForDeploymentPostprocessing = 0;
			shellPath = /bin/sh;
			shellScript = "diff \"${PODS_ROOT}/../Podfile.lock\" \"${PODS_ROOT}/Manifest.lock\" > /dev/null\nif [ $? != 0 ] ; then\n    # print error to STDERR\n    echo \"error: The sandbox is not in sync with the Podfile.lock. Run 'pod install' or update your CocoaPods installation.\" >&2\n    exit 1\nfi\n";
			showEnvVarsInLog = 0;
		};
		4C1F02739D4B0F749240C9B9 /* [CP] Check Pods Manifest.lock */ = {
			isa = PBXShellScriptBuildPhase;
			buildActionMask = 2147483647;
			files = (
			);
			inputPaths = (
			);
			name = "[CP] Check Pods Manifest.lock";
			outputPaths = (
			);
			runOnlyForDeploymentPostprocessing = 0;
			shellPath = /bin/sh;
			shellScript = "diff \"${PODS_ROOT}/../Podfile.lock\" \"${PODS_ROOT}/Manifest.lock\" > /dev/null\nif [ $? != 0 ] ; then\n    # print error to STDERR\n    echo \"error: The sandbox is not in sync with the Podfile.lock. Run 'pod install' or update your CocoaPods installation.\" >&2\n    exit 1\nfi\n";
			showEnvVarsInLog = 0;
		};
		741D676D77C27339F2015531 /* [CP] Embed Pods Frameworks */ = {
			isa = PBXShellScriptBuildPhase;
			buildActionMask = 2147483647;
			files = (
			);
			inputPaths = (
			);
			name = "[CP] Embed Pods Frameworks";
			outputPaths = (
			);
			runOnlyForDeploymentPostprocessing = 0;
			shellPath = /bin/sh;
			shellScript = "\"${SRCROOT}/Pods/Target Support Files/Pods-SwiftSample/Pods-SwiftSample-frameworks.sh\"\n";
			showEnvVarsInLog = 0;
		};
		7A19566A5780F63C1E714366 /* [CP] Copy Pods Resources */ = {
			isa = PBXShellScriptBuildPhase;
			buildActionMask = 2147483647;
			files = (
			);
			inputPaths = (
			);
			name = "[CP] Copy Pods Resources";
			outputPaths = (
			);
			runOnlyForDeploymentPostprocessing = 0;
			shellPath = /bin/sh;
			shellScript = "\"${SRCROOT}/Pods/Target Support Files/Pods-SwiftSample/Pods-SwiftSample-resources.sh\"\n";
			showEnvVarsInLog = 0;
		};
		B6CA8BA525112496F7B2B97C /* [CP] Embed Pods Frameworks */ = {
			isa = PBXShellScriptBuildPhase;
			buildActionMask = 2147483647;
			files = (
			);
			inputPaths = (
			);
			name = "[CP] Embed Pods Frameworks";
			outputPaths = (
			);
			runOnlyForDeploymentPostprocessing = 0;
			shellPath = /bin/sh;
			shellScript = "\"${SRCROOT}/Pods/Target Support Files/Pods-SwiftSampleTests/Pods-SwiftSampleTests-frameworks.sh\"\n";
			showEnvVarsInLog = 0;
		};
		D670583EC46CC4F962C0AEC3 /* [CP] Embed Pods Frameworks */ = {
			isa = PBXShellScriptBuildPhase;
			buildActionMask = 2147483647;
			files = (
			);
			inputPaths = (
			);
			name = "[CP] Embed Pods Frameworks";
			outputPaths = (
			);
			runOnlyForDeploymentPostprocessing = 0;
			shellPath = /bin/sh;
			shellScript = "\"${SRCROOT}/Pods/Target Support Files/Pods-SwiftSampleUITests/Pods-SwiftSampleUITests-frameworks.sh\"\n";
			showEnvVarsInLog = 0;
		};
		DD2BE170853E0EF3256BA432 /* [CP] Copy Pods Resources */ = {
			isa = PBXShellScriptBuildPhase;
			buildActionMask = 2147483647;
			files = (
			);
			inputPaths = (
			);
			name = "[CP] Copy Pods Resources";
			outputPaths = (
			);
			runOnlyForDeploymentPostprocessing = 0;
			shellPath = /bin/sh;
			shellScript = "\"${SRCROOT}/Pods/Target Support Files/Pods-SwiftSampleTests/Pods-SwiftSampleTests-resources.sh\"\n";
			showEnvVarsInLog = 0;
		};
		F0B695F6B64EA012FF2187F7 /* [CP] Check Pods Manifest.lock */ = {
			isa = PBXShellScriptBuildPhase;
			buildActionMask = 2147483647;
			files = (
			);
			inputPaths = (
			);
			name = "[CP] Check Pods Manifest.lock";
			outputPaths = (
			);
			runOnlyForDeploymentPostprocessing = 0;
			shellPath = /bin/sh;
			shellScript = "diff \"${PODS_ROOT}/../Podfile.lock\" \"${PODS_ROOT}/Manifest.lock\" > /dev/null\nif [ $? != 0 ] ; then\n    # print error to STDERR\n    echo \"error: The sandbox is not in sync with the Podfile.lock. Run 'pod install' or update your CocoaPods installation.\" >&2\n    exit 1\nfi\n";
			showEnvVarsInLog = 0;
		};
/* End PBXShellScriptBuildPhase section */

/* Begin PBXSourcesBuildPhase section */
		0BFBEEB51E5477D700804C20 /* Sources */ = {
			isa = PBXSourcesBuildPhase;
			buildActionMask = 2147483647;
			files = (
				0BFBEEBF1E5477D700804C20 /* SignUpVC.swift in Sources */,
				0BFBEEEE1E54886D00804C20 /* WeberviceCostants.swift in Sources */,
				0BFBEEFC1E559F3E00804C20 /* Car.swift in Sources */,
				0BFBEEF81E54986200804C20 /* AddCarCell.swift in Sources */,
				0BFBEEBD1E5477D700804C20 /* AppDelegate.swift in Sources */,
				0BFBEF011E55C99100804C20 /* CarTableViewCell.swift in Sources */,
				0BFBEEEC1E54812700804C20 /* BaseService.swift in Sources */,
				0BFBEEF41E54926800804C20 /* Constants.swift in Sources */,
				0BFBEF031E55E76300804C20 /* LoginViewController.swift in Sources */,
				0BFBEEF61E54968D00804C20 /* HomeViewController.swift in Sources */,
			);
			runOnlyForDeploymentPostprocessing = 0;
		};
		0BFBEEC91E5477D700804C20 /* Sources */ = {
			isa = PBXSourcesBuildPhase;
			buildActionMask = 2147483647;
			files = (
				0BFBEED21E5477D700804C20 /* SwiftSampleTests.swift in Sources */,
			);
			runOnlyForDeploymentPostprocessing = 0;
		};
		0BFBEED41E5477D700804C20 /* Sources */ = {
			isa = PBXSourcesBuildPhase;
			buildActionMask = 2147483647;
			files = (
				0BFBEEDD1E5477D700804C20 /* SwiftSampleUITests.swift in Sources */,
			);
			runOnlyForDeploymentPostprocessing = 0;
		};
/* End PBXSourcesBuildPhase section */

/* Begin PBXTargetDependency section */
		0BFBEECF1E5477D700804C20 /* PBXTargetDependency */ = {
			isa = PBXTargetDependency;
			target = 0BFBEEB81E5477D700804C20 /* SwiftSample */;
			targetProxy = 0BFBEECE1E5477D700804C20 /* PBXContainerItemProxy */;
		};
		0BFBEEDA1E5477D700804C20 /* PBXTargetDependency */ = {
			isa = PBXTargetDependency;
			target = 0BFBEEB81E5477D700804C20 /* SwiftSample */;
			targetProxy = 0BFBEED91E5477D700804C20 /* PBXContainerItemProxy */;
		};
/* End PBXTargetDependency section */

/* Begin PBXVariantGroup section */
		0BFBEEC01E5477D700804C20 /* Main.storyboard */ = {
			isa = PBXVariantGroup;
			children = (
				0BFBEEC11E5477D700804C20 /* Base */,
			);
			name = Main.storyboard;
			sourceTree = "<group>";
		};
		0BFBEEC51E5477D700804C20 /* LaunchScreen.storyboard */ = {
			isa = PBXVariantGroup;
			children = (
				0BFBEEC61E5477D700804C20 /* Base */,
			);
			name = LaunchScreen.storyboard;
			sourceTree = "<group>";
		};
/* End PBXVariantGroup section */

/* Begin XCBuildConfiguration section */
		0BFBEEDF1E5477D700804C20 /* Debug */ = {
			isa = XCBuildConfiguration;
			buildSettings = {
				ALWAYS_SEARCH_USER_PATHS = NO;
				CLANG_ANALYZER_NONNULL = YES;
				CLANG_CXX_LANGUAGE_STANDARD = "gnu++0x";
				CLANG_CXX_LIBRARY = "libc++";
				CLANG_ENABLE_MODULES = YES;
				CLANG_ENABLE_OBJC_ARC = YES;
				CLANG_WARN_BOOL_CONVERSION = YES;
				CLANG_WARN_CONSTANT_CONVERSION = YES;
				CLANG_WARN_DIRECT_OBJC_ISA_USAGE = YES_ERROR;
				CLANG_WARN_DOCUMENTATION_COMMENTS = YES;
				CLANG_WARN_EMPTY_BODY = YES;
				CLANG_WARN_ENUM_CONVERSION = YES;
				CLANG_WARN_INFINITE_RECURSION = YES;
				CLANG_WARN_INT_CONVERSION = YES;
				CLANG_WARN_OBJC_ROOT_CLASS = YES_ERROR;
				CLANG_WARN_SUSPICIOUS_MOVE = YES;
				CLANG_WARN_UNREACHABLE_CODE = YES;
				CLANG_WARN__DUPLICATE_METHOD_MATCH = YES;
				"CODE_SIGN_IDENTITY[sdk=iphoneos*]" = "iPhone Developer";
				COPY_PHASE_STRIP = NO;
				DEBUG_INFORMATION_FORMAT = dwarf;
				ENABLE_STRICT_OBJC_MSGSEND = YES;
				ENABLE_TESTABILITY = YES;
				GCC_C_LANGUAGE_STANDARD = gnu99;
				GCC_DYNAMIC_NO_PIC = NO;
				GCC_NO_COMMON_BLOCKS = YES;
				GCC_OPTIMIZATION_LEVEL = 0;
				GCC_PREPROCESSOR_DEFINITIONS = (
					"DEBUG=1",
					"$(inherited)",
				);
				GCC_WARN_64_TO_32_BIT_CONVERSION = YES;
				GCC_WARN_ABOUT_RETURN_TYPE = YES_ERROR;
				GCC_WARN_UNDECLARED_SELECTOR = YES;
				GCC_WARN_UNINITIALIZED_AUTOS = YES_AGGRESSIVE;
				GCC_WARN_UNUSED_FUNCTION = YES;
				GCC_WARN_UNUSED_VARIABLE = YES;
				IPHONEOS_DEPLOYMENT_TARGET = 10.2;
				MTL_ENABLE_DEBUG_INFO = YES;
				ONLY_ACTIVE_ARCH = YES;
				SDKROOT = iphoneos;
				SWIFT_ACTIVE_COMPILATION_CONDITIONS = DEBUG;
				SWIFT_OPTIMIZATION_LEVEL = "-Onone";
				TARGETED_DEVICE_FAMILY = "1,2";
			};
			name = Debug;
		};
		0BFBEEE01E5477D700804C20 /* Release */ = {
			isa = XCBuildConfiguration;
			buildSettings = {
				ALWAYS_SEARCH_USER_PATHS = NO;
				CLANG_ANALYZER_NONNULL = YES;
				CLANG_CXX_LANGUAGE_STANDARD = "gnu++0x";
				CLANG_CXX_LIBRARY = "libc++";
				CLANG_ENABLE_MODULES = YES;
				CLANG_ENABLE_OBJC_ARC = YES;
				CLANG_WARN_BOOL_CONVERSION = YES;
				CLANG_WARN_CONSTANT_CONVERSION = YES;
				CLANG_WARN_DIRECT_OBJC_ISA_USAGE = YES_ERROR;
				CLANG_WARN_DOCUMENTATION_COMMENTS = YES;
				CLANG_WARN_EMPTY_BODY = YES;
				CLANG_WARN_ENUM_CONVERSION = YES;
				CLANG_WARN_INFINITE_RECURSION = YES;
				CLANG_WARN_INT_CONVERSION = YES;
				CLANG_WARN_OBJC_ROOT_CLASS = YES_ERROR;
				CLANG_WARN_SUSPICIOUS_MOVE = YES;
				CLANG_WARN_UNREACHABLE_CODE = YES;
				CLANG_WARN__DUPLICATE_METHOD_MATCH = YES;
				"CODE_SIGN_IDENTITY[sdk=iphoneos*]" = "iPhone Developer";
				COPY_PHASE_STRIP = NO;
				DEBUG_INFORMATION_FORMAT = "dwarf-with-dsym";
				ENABLE_NS_ASSERTIONS = NO;
				ENABLE_STRICT_OBJC_MSGSEND = YES;
				GCC_C_LANGUAGE_STANDARD = gnu99;
				GCC_NO_COMMON_BLOCKS = YES;
				GCC_WARN_64_TO_32_BIT_CONVERSION = YES;
				GCC_WARN_ABOUT_RETURN_TYPE = YES_ERROR;
				GCC_WARN_UNDECLARED_SELECTOR = YES;
				GCC_WARN_UNINITIALIZED_AUTOS = YES_AGGRESSIVE;
				GCC_WARN_UNUSED_FUNCTION = YES;
				GCC_WARN_UNUSED_VARIABLE = YES;
				IPHONEOS_DEPLOYMENT_TARGET = 10.2;
				MTL_ENABLE_DEBUG_INFO = NO;
				SDKROOT = iphoneos;
				SWIFT_OPTIMIZATION_LEVEL = "-Owholemodule";
				TARGETED_DEVICE_FAMILY = "1,2";
				VALIDATE_PRODUCT = YES;
			};
			name = Release;
		};
		0BFBEEE21E5477D700804C20 /* Debug */ = {
			isa = XCBuildConfiguration;
			baseConfigurationReference = 99F09B9B91ADD393894942CC /* Pods-SwiftSample.debug.xcconfig */;
			buildSettings = {
				ASSETCATALOG_COMPILER_APPICON_NAME = AppIcon;
				INFOPLIST_FILE = SwiftSample/Info.plist;
				LD_RUNPATH_SEARCH_PATHS = "$(inherited) @executable_path/Frameworks";
				PRODUCT_BUNDLE_IDENTIFIER = com.ars.SwiftSample;
				PRODUCT_NAME = "$(TARGET_NAME)";
				SWIFT_VERSION = 3.0;
			};
			name = Debug;
		};
		0BFBEEE31E5477D700804C20 /* Release */ = {
			isa = XCBuildConfiguration;
			baseConfigurationReference = 9EC4548A6309C1515551FE76 /* Pods-SwiftSample.release.xcconfig */;
			buildSettings = {
				ASSETCATALOG_COMPILER_APPICON_NAME = AppIcon;
				INFOPLIST_FILE = SwiftSample/Info.plist;
				LD_RUNPATH_SEARCH_PATHS = "$(inherited) @executable_path/Frameworks";
				PRODUCT_BUNDLE_IDENTIFIER = com.ars.SwiftSample;
				PRODUCT_NAME = "$(TARGET_NAME)";
				SWIFT_VERSION = 3.0;
			};
			name = Release;
		};
		0BFBEEE51E5477D700804C20 /* Debug */ = {
			isa = XCBuildConfiguration;
			baseConfigurationReference = 86B90ABABD0A38044AFA784D /* Pods-SwiftSampleTests.debug.xcconfig */;
			buildSettings = {
				ALWAYS_EMBED_SWIFT_STANDARD_LIBRARIES = YES;
				BUNDLE_LOADER = "$(TEST_HOST)";
				INFOPLIST_FILE = SwiftSampleTests/Info.plist;
				LD_RUNPATH_SEARCH_PATHS = "$(inherited) @executable_path/Frameworks @loader_path/Frameworks";
				PRODUCT_BUNDLE_IDENTIFIER = com.ars.SwiftSampleTests;
				PRODUCT_NAME = "$(TARGET_NAME)";
				SWIFT_VERSION = 3.0;
				TEST_HOST = "$(BUILT_PRODUCTS_DIR)/SwiftSample.app/SwiftSample";
			};
			name = Debug;
		};
		0BFBEEE61E5477D700804C20 /* Release */ = {
			isa = XCBuildConfiguration;
			baseConfigurationReference = 1C0155E8BDD41A146708A355 /* Pods-SwiftSampleTests.release.xcconfig */;
			buildSettings = {
				ALWAYS_EMBED_SWIFT_STANDARD_LIBRARIES = YES;
				BUNDLE_LOADER = "$(TEST_HOST)";
				INFOPLIST_FILE = SwiftSampleTests/Info.plist;
				LD_RUNPATH_SEARCH_PATHS = "$(inherited) @executable_path/Frameworks @loader_path/Frameworks";
				PRODUCT_BUNDLE_IDENTIFIER = com.ars.SwiftSampleTests;
				PRODUCT_NAME = "$(TARGET_NAME)";
				SWIFT_VERSION = 3.0;
				TEST_HOST = "$(BUILT_PRODUCTS_DIR)/SwiftSample.app/SwiftSample";
			};
			name = Release;
		};
		0BFBEEE81E5477D700804C20 /* Debug */ = {
			isa = XCBuildConfiguration;
			baseConfigurationReference = AD2BD272DB8F130DB746279F /* Pods-SwiftSampleUITests.debug.xcconfig */;
			buildSettings = {
				ALWAYS_EMBED_SWIFT_STANDARD_LIBRARIES = YES;
				INFOPLIST_FILE = SwiftSampleUITests/Info.plist;
				LD_RUNPATH_SEARCH_PATHS = "$(inherited) @executable_path/Frameworks @loader_path/Frameworks";
				PRODUCT_BUNDLE_IDENTIFIER = com.ars.SwiftSampleUITests;
				PRODUCT_NAME = "$(TARGET_NAME)";
				SWIFT_VERSION = 3.0;
				TEST_TARGET_NAME = SwiftSample;
			};
			name = Debug;
		};
		0BFBEEE91E5477D700804C20 /* Release */ = {
			isa = XCBuildConfiguration;
			baseConfigurationReference = B49FCA4FB180DF4321070804 /* Pods-SwiftSampleUITests.release.xcconfig */;
			buildSettings = {
				ALWAYS_EMBED_SWIFT_STANDARD_LIBRARIES = YES;
				INFOPLIST_FILE = SwiftSampleUITests/Info.plist;
				LD_RUNPATH_SEARCH_PATHS = "$(inherited) @executable_path/Frameworks @loader_path/Frameworks";
				PRODUCT_BUNDLE_IDENTIFIER = com.ars.SwiftSampleUITests;
				PRODUCT_NAME = "$(TARGET_NAME)";
				SWIFT_VERSION = 3.0;
				TEST_TARGET_NAME = SwiftSample;
			};
			name = Release;
		};
/* End XCBuildConfiguration section */

/* Begin XCConfigurationList section */
		0BFBEEB41E5477D700804C20 /* Build configuration list for PBXProject "SwiftSample" */ = {
			isa = XCConfigurationList;
			buildConfigurations = (
				0BFBEEDF1E5477D700804C20 /* Debug */,
				0BFBEEE01E5477D700804C20 /* Release */,
			);
			defaultConfigurationIsVisible = 0;
			defaultConfigurationName = Release;
		};
		0BFBEEE11E5477D700804C20 /* Build configuration list for PBXNativeTarget "SwiftSample" */ = {
			isa = XCConfigurationList;
			buildConfigurations = (
				0BFBEEE21E5477D700804C20 /* Debug */,
				0BFBEEE31E5477D700804C20 /* Release */,
			);
			defaultConfigurationIsVisible = 0;
			defaultConfigurationName = Release;
		};
		0BFBEEE41E5477D700804C20 /* Build configuration list for PBXNativeTarget "SwiftSampleTests" */ = {
			isa = XCConfigurationList;
			buildConfigurations = (
				0BFBEEE51E5477D700804C20 /* Debug */,
				0BFBEEE61E5477D700804C20 /* Release */,
			);
			defaultConfigurationIsVisible = 0;
			defaultConfigurationName = Release;
		};
		0BFBEEE71E5477D700804C20 /* Build configuration list for PBXNativeTarget "SwiftSampleUITests" */ = {
			isa = XCConfigurationList;
			buildConfigurations = (
				0BFBEEE81E5477D700804C20 /* Debug */,
				0BFBEEE91E5477D700804C20 /* Release */,
			);
			defaultConfigurationIsVisible = 0;
			defaultConfigurationName = Release;
		};
/* End XCConfigurationList section */
	};
	rootObject = 0BFBEEB11E5477D700804C20 /* Project object */;
}
